PODS:
  - CleverTap-iOS-SDK (7.0.0):
    - SDWebImage (~> 5.11)
  - CTNotificationContent (0.2.5)
  - CTNotificationService (0.1.5)
  - mParticle-Apple-SDK (8.37.1):
    - mParticle-Apple-SDK/mParticle (= 8.37.1)
  - mParticle-Apple-SDK/mParticle (8.37.1)
  - SDWebImage (5.21.1):
    - SDWebImage/Core (= 5.21.1)
  - SDWebImage/Core (5.21.1)

DEPENDENCIES:
  - CleverTap-iOS-SDK (= 7.0.0)
  - CTNotificationContent
  - CTNotificationService
  - mParticle-Apple-SDK (~> 8.0)

SPEC REPOS:
  trunk:
    - CleverTap-iOS-SDK
    - CTNotificationContent
    - CTNotificationService
    - mParticle-Apple-SDK
    - SDWebImage

SPEC CHECKSUMS:
  CleverTap-iOS-SDK: 2a7571171ba952ccf9121461b76afedd7c9ff6ea
  CTNotificationContent: 990e2c0836bddaabd820d382427ffc9cfca61c38
  CTNotificationService: 844eb0cf5a6260b76e05420dde49312b72c5ad7c
  mParticle-Apple-SDK: fa05510df69955393982ea608672a5eba7055fdc
  SDWebImage: f29024626962457f3470184232766516dee8dfea

PODFILE CHECKSUM: a72ded53ee029200066d368d8e48e42c5ac334b2

COCOAPODS: 1.11.3
